
Microsoft Visual Studio Solution File, Format Version 12.00
# Visual Studio Version 17
VisualStudioVersion = 17.8.34525.116
MinimumVisualStudioVersion = 10.0.40219.1
Project("{FAE04EC0-301F-11D3-BF4B-00C04F79EFBC}") = "School-Managment", "School-Managment.csproj", "{AF100F5C-A46A-40F5-8CF6-ECA500B09EB9}"
EndProject
Global
	GlobalSection(SolutionConfigurationPlatforms) = preSolution
		Debug|Any CPU = Debug|Any CPU
		Release|Any CPU = Release|Any CPU
	EndGlobalSection
	GlobalSection(ProjectConfigurationPlatforms) = postSolution
		{AF100F5C-A46A-40F5-8CF6-ECA500B09EB9}.Debug|Any CPU.ActiveCfg = Debug|Any CPU
		{AF100F5C-A46A-40F5-8CF6-ECA500B09EB9}.Debug|Any CPU.Build.0 = Debug|Any CPU
		{AF100F5C-A46A-40F5-8CF6-ECA500B09EB9}.Release|Any CPU.ActiveCfg = Release|Any CPU
		{AF100F5C-A46A-40F5-8CF6-ECA500B09EB9}.Release|Any CPU.Build.0 = Release|Any CPU
	EndGlobalSection
	GlobalSection(SolutionProperties) = preSolution
		HideSolutionNode = FALSE
	EndGlobalSection
	GlobalSection(ExtensibilityGlobals) = postSolution
		SolutionGuid = {F7F2C7EE-8DD6-4DD4-BE03-4FCB929BF9AC}
	EndGlobalSection
EndGlobal
